# @generated - this file is auto-generated by `mise lock` https://mise.en.dev/dev-tools/mise-lock.html

[[tools.bitwarden-secrets-manager]]
version = "1.0.0"
backend = "aqua:bitwarden/sdk-sm"

[tools.bitwarden-secrets-manager."platforms.linux-x64"]
checksum = "sha256:9077fb7b336a62abc8194728fea8753afad8b0baa3a18723fc05fc02fdb53568"
url = "https://github.com/bitwarden/sdk-sm/releases/download/bws-v1.0.0/bws-x86_64-unknown-linux-gnu-1.0.0.zip"

[[tools.helm]]
version = "3.20.2"
backend = "aqua:helm/helm"

[tools.helm."platforms.linux-x64"]
checksum = "sha256:258e830a9e613c8a7a302d6059b4bb3b9758f2f3e1bb8ea0d707ce10a9a72fea"
url = "https://get.helm.sh/helm-v3.20.2-linux-amd64.tar.gz"

[[tools.jq]]
version = "1.8.1"
backend = "aqua:jqlang/jq"

[tools.jq."platforms.linux-x64"]
checksum = "sha256:020468de7539ce70ef1bceaf7cde2e8c4f2ca6c3afb84642aabc5c97d9fc2a0d"
url = "https://github.com/jqlang/jq/releases/download/jq-1.8.1/jq-linux-amd64"
provenance = "github-attestations"

[[tools.kube-linter]]
version = "0.8.3"
backend = "aqua:stackrox/kube-linter"

[tools.kube-linter."platforms.linux-x64"]
checksum = "sha256:618d299a3e2839c8ca9d86fce0db617be0fba41f0fecbbbfb7fbf1c04299fae1"
url = "https://github.com/stackrox/kube-linter/releases/download/v0.8.3/kube-linter-linux"

[[tools.kubectl]]
version = "1.35.4"
backend = "aqua:kubernetes/kubernetes/kubectl"

[tools.kubectl."platforms.linux-x64"]
checksum = "sha256:b529430df69a688fd61b64ad2299edb5fd71cb58be2a4779dba624c7d3510efd"
url = "https://dl.k8s.io/v1.35.4/bin/linux/amd64/kubectl"

[[tools.kustomize]]
version = "5.8.1"
backend = "aqua:kubernetes-sigs/kustomize"

[tools.kustomize."platforms.linux-x64"]
checksum = "sha256:029a7f0f4e1932c52a0476cf02a0fd855c0bb85694b82c338fc648dcb53a819d"
url = "https://github.com/kubernetes-sigs/kustomize/releases/download/kustomize/v5.8.1/kustomize_v5.8.1_linux_amd64.tar.gz"

[[tools.python]]
version = "3.14.4"
backend = "core:python"

[tools.python."platforms.linux-x64"]
checksum = "sha256:fe9a9c32d13870af632cbac3dfc7528ae53597e94472aa4c7d6a42e8166136cd"
url = "https://github.com/astral-sh/python-build-standalone/releases/download/20260414/cpython-3.14.4+20260414-x86_64-unknown-linux-gnu-install_only_stripped.tar.gz"
provenance = "github-attestations"

[[tools.ripgrep]]
version = "15.1.0"
backend = "aqua:BurntSushi/ripgrep"

[tools.ripgrep."platforms.linux-x64"]
checksum = "sha256:1c9297be4a084eea7ecaedf93eb03d058d6faae29bbc57ecdaf5063921491599"
url = "https://github.com/BurntSushi/ripgrep/releases/download/15.1.0/ripgrep-15.1.0-x86_64-unknown-linux-musl.tar.gz"

[[tools.talosctl]]
version = "1.12.7"
backend = "aqua:siderolabs/talos"

[tools.talosctl."platforms.linux-x64"]
checksum = "sha256:9f2626b4755cbd72401cacdf1812878ae6d738b8355c9e8d3600ecebb39a02ca"
url = "https://github.com/siderolabs/talos/releases/download/v1.12.7/talosctl-linux-amd64"
provenance = "cosign"

[[tools.terraform]]
version = "1.15.0"
backend = "aqua:hashicorp/terraform"

[tools.terraform."platforms.linux-x64"]
checksum = "sha256:dcd4b31225dd960404f744315c0c3823a7deeda43bca0256a17fc762092d7e1b"
url = "https://releases.hashicorp.com/terraform/1.15.0/terraform_1.15.0_linux_amd64.zip"

[[tools.tflint]]
version = "0.61.0"
backend = "aqua:terraform-linters/tflint"

[tools.tflint."platforms.linux-x64"]
checksum = "sha256:ca4e4e8cb7cc3436f2b6979e9c4fd4e2623a66fcca1ad1fe12f8669967636ae2"
url = "https://github.com/terraform-linters/tflint/releases/download/v0.61.0/tflint_linux_amd64.zip"

[[tools.uv]]
version = "0.11.8"
backend = "aqua:astral-sh/uv"

[tools.uv."platforms.linux-x64"]
checksum = "sha256:de82507d12e31cfc86c1c776238f7c248e48e40d996dedc812d64fdd31c6ed12"
url = "https://github.com/astral-sh/uv/releases/download/0.11.8/uv-x86_64-unknown-linux-musl.tar.gz"
provenance = "github-attestations"

[[tools.yq]]
version = "4.53.2"
backend = "aqua:mikefarah/yq"

[tools.yq."platforms.linux-x64"]
checksum = "sha256:d56bf5c6819e8e696340c312bd70f849dc1678a7cda9c2ad63eebd906371d56b"
url = "https://github.com/mikefarah/yq/releases/download/v4.53.2/yq_linux_amd64"
