# @generated - this file is auto-generated by `mise lock` https://mise.en.dev/dev-tools/mise-lock.html

[[tools.bitwarden-secrets-manager]]
version = "2.1.0"
backend = "aqua:bitwarden/sdk-sm"

[tools.bitwarden-secrets-manager."platforms.linux-arm64"]
checksum = "sha256:18253757286e119d450133a87eb463bf8c1ce418ce24c834f4f250d60cba6f9e"
url = "https://github.com/bitwarden/sdk-sm/releases/download/bws-v2.1.0/bws-aarch64-unknown-linux-gnu-2.1.0.zip"

[tools.bitwarden-secrets-manager."platforms.linux-arm64-musl"]
checksum = "sha256:eb0f1ae61d1c3b74244d2841233276e05c77e8be4da197ed90fc6248387005e1"
url = "https://github.com/bitwarden/sdk-sm/releases/download/bws-v2.1.0/bws-aarch64-unknown-linux-musl-2.1.0.zip"

[tools.bitwarden-secrets-manager."platforms.linux-x64"]
checksum = "sha256:ba8233c3a4aee5d43e3c73bbd04d99e9bc5aba13bbbfd06d89b073abe732b860"
url = "https://github.com/bitwarden/sdk-sm/releases/download/bws-v2.1.0/bws-x86_64-unknown-linux-gnu-2.1.0.zip"

[tools.bitwarden-secrets-manager."platforms.linux-x64-musl"]
checksum = "sha256:f59ee150e42b82128d437087e9bac920053c6bfddcb960d20ce9386e5ac9bba6"
url = "https://github.com/bitwarden/sdk-sm/releases/download/bws-v2.1.0/bws-x86_64-unknown-linux-musl-2.1.0.zip"

[tools.bitwarden-secrets-manager."platforms.macos-arm64"]
checksum = "sha256:9cb1c1c6e6164d83b2e339883ba02b4cbb37188ce9a484b1ce8249443163e066"
url = "https://github.com/bitwarden/sdk-sm/releases/download/bws-v2.1.0/bws-aarch64-apple-darwin-2.1.0.zip"

[tools.bitwarden-secrets-manager."platforms.macos-x64"]
checksum = "sha256:6f626b3971368902af1b9847c02791a1b4666969d7561e2047681cded7997537"
url = "https://github.com/bitwarden/sdk-sm/releases/download/bws-v2.1.0/bws-x86_64-apple-darwin-2.1.0.zip"

[tools.bitwarden-secrets-manager."platforms.windows-x64"]
checksum = "sha256:8d6f2b51beb6f992b5b1de8b85a98bdf18de74096b724d17fa06219fc23f2bd5"
url = "https://github.com/bitwarden/sdk-sm/releases/download/bws-v2.1.0/bws-x86_64-pc-windows-msvc-2.1.0.zip"

[[tools.helm]]
version = "4.2.0"
backend = "aqua:helm/helm"

[tools.helm."platforms.linux-arm64"]
checksum = "sha256:1f8de130dfbd04de64978e7b852a7a547be1404956a366608276d2520b678670"
url = "https://get.helm.sh/helm-v4.2.0-linux-arm64.tar.gz"

[tools.helm."platforms.linux-arm64-musl"]
checksum = "sha256:1f8de130dfbd04de64978e7b852a7a547be1404956a366608276d2520b678670"
url = "https://get.helm.sh/helm-v4.2.0-linux-arm64.tar.gz"

[tools.helm."platforms.linux-x64"]
checksum = "sha256:97dbeb971be4ac4b27e3839976d9564c0fb35c6f3b1da89dd1e292d236af4096"
url = "https://get.helm.sh/helm-v4.2.0-linux-amd64.tar.gz"

[tools.helm."platforms.linux-x64-musl"]
checksum = "sha256:97dbeb971be4ac4b27e3839976d9564c0fb35c6f3b1da89dd1e292d236af4096"
url = "https://get.helm.sh/helm-v4.2.0-linux-amd64.tar.gz"

[tools.helm."platforms.macos-arm64"]
checksum = "sha256:f13f959015447b6bc309f9fd506509926543988a39035c088b52522ec95e2acb"
url = "https://get.helm.sh/helm-v4.2.0-darwin-arm64.tar.gz"

[tools.helm."platforms.macos-x64"]
checksum = "sha256:1376ea697140e4db316736e760d5a47d12afc1524dce704476ef06fd7fdeddc6"
url = "https://get.helm.sh/helm-v4.2.0-darwin-amd64.tar.gz"

[tools.helm."platforms.windows-x64"]
checksum = "sha256:34bf9659f8f04f3841a60131183b8e2acc44e260db4c93b889ff09718cacca6f"
url = "https://get.helm.sh/helm-v4.2.0-windows-amd64.tar.gz"

[[tools.jq]]
version = "1.8.1"
backend = "aqua:jqlang/jq"

[tools.jq."platforms.linux-arm64"]
checksum = "sha256:6bc62f25981328edd3cfcfe6fe51b073f2d7e7710d7ef7fcdac28d4e384fc3d4"
url = "https://github.com/jqlang/jq/releases/download/jq-1.8.1/jq-linux-arm64"
provenance = "github-attestations"

[tools.jq."platforms.linux-arm64-musl"]
checksum = "sha256:6bc62f25981328edd3cfcfe6fe51b073f2d7e7710d7ef7fcdac28d4e384fc3d4"
url = "https://github.com/jqlang/jq/releases/download/jq-1.8.1/jq-linux-arm64"
provenance = "github-attestations"

[tools.jq."platforms.linux-x64"]
checksum = "sha256:020468de7539ce70ef1bceaf7cde2e8c4f2ca6c3afb84642aabc5c97d9fc2a0d"
url = "https://github.com/jqlang/jq/releases/download/jq-1.8.1/jq-linux-amd64"
provenance = "github-attestations"

[tools.jq."platforms.linux-x64-musl"]
checksum = "sha256:020468de7539ce70ef1bceaf7cde2e8c4f2ca6c3afb84642aabc5c97d9fc2a0d"
url = "https://github.com/jqlang/jq/releases/download/jq-1.8.1/jq-linux-amd64"
provenance = "github-attestations"

[tools.jq."platforms.macos-arm64"]
checksum = "sha256:a9fe3ea2f86dfc72f6728417521ec9067b343277152b114f4e98d8cb0e263603"
url = "https://github.com/jqlang/jq/releases/download/jq-1.8.1/jq-macos-arm64"
provenance = "github-attestations"

[tools.jq."platforms.macos-x64"]
checksum = "sha256:e80dbe0d2a2597e3c11c404f03337b981d74b4a8504b70586c354b7697a7c27f"
url = "https://github.com/jqlang/jq/releases/download/jq-1.8.1/jq-macos-amd64"
provenance = "github-attestations"

[tools.jq."platforms.windows-x64"]
checksum = "sha256:23cb60a1354eed6bcc8d9b9735e8c7b388cd1fdcb75726b93bc299ef22dd9334"
url = "https://github.com/jqlang/jq/releases/download/jq-1.8.1/jq-windows-amd64.exe"
provenance = "github-attestations"

[[tools.kube-linter]]
version = "0.8.3"
backend = "aqua:stackrox/kube-linter"

[tools.kube-linter."platforms.linux-arm64"]
checksum = "sha256:9c39d35252e0dcafb16b26197b9e93ba578e44eb402c3c6660fc94e08f94094f"
url = "https://github.com/stackrox/kube-linter/releases/download/v0.8.3/kube-linter-linux_arm64"
provenance = "cosign"

[tools.kube-linter."platforms.linux-arm64-musl"]
checksum = "sha256:9c39d35252e0dcafb16b26197b9e93ba578e44eb402c3c6660fc94e08f94094f"
url = "https://github.com/stackrox/kube-linter/releases/download/v0.8.3/kube-linter-linux_arm64"
provenance = "cosign"

[tools.kube-linter."platforms.linux-x64"]
checksum = "sha256:618d299a3e2839c8ca9d86fce0db617be0fba41f0fecbbbfb7fbf1c04299fae1"
url = "https://github.com/stackrox/kube-linter/releases/download/v0.8.3/kube-linter-linux"
provenance = "cosign"

[tools.kube-linter."platforms.linux-x64-musl"]
checksum = "sha256:618d299a3e2839c8ca9d86fce0db617be0fba41f0fecbbbfb7fbf1c04299fae1"
url = "https://github.com/stackrox/kube-linter/releases/download/v0.8.3/kube-linter-linux"
provenance = "cosign"

[tools.kube-linter."platforms.macos-arm64"]
checksum = "sha256:662277a6a267ba2cb1371b56539a371872ef142b196fa0d87195e4213773cdf8"
url = "https://github.com/stackrox/kube-linter/releases/download/v0.8.3/kube-linter-darwin_arm64"
provenance = "cosign"

[tools.kube-linter."platforms.macos-x64"]
checksum = "sha256:d935e2bc89e272c74227cdc4ac4dba35f468e0e486e846e5892231a301c91a67"
url = "https://github.com/stackrox/kube-linter/releases/download/v0.8.3/kube-linter-darwin"
provenance = "cosign"

[tools.kube-linter."platforms.windows-x64"]
checksum = "sha256:8b0ccf51f18ab786fdcdede55046afc701a75c75122e046a2f0d3244bc91274a"
url = "https://github.com/stackrox/kube-linter/releases/download/v0.8.3/kube-linter.exe"
provenance = "cosign"

[[tools.kubectl]]
version = "1.36.1"
backend = "aqua:kubernetes/kubernetes/kubectl"

[tools.kubectl."platforms.linux-arm64"]
checksum = "sha256:59f7ee8e477fae658447607dc3c8790ac17a1b016c01c622c12070e969e2d4e7"
url = "https://dl.k8s.io/v1.36.1/bin/linux/arm64/kubectl"

[tools.kubectl."platforms.linux-arm64-musl"]
checksum = "sha256:59f7ee8e477fae658447607dc3c8790ac17a1b016c01c622c12070e969e2d4e7"
url = "https://dl.k8s.io/v1.36.1/bin/linux/arm64/kubectl"

[tools.kubectl."platforms.linux-x64"]
checksum = "sha256:629d3f410e09bf49b64ae7079f7f0bda1191efed311f7d37fdbab0ad5b0ec2b7"
url = "https://dl.k8s.io/v1.36.1/bin/linux/amd64/kubectl"

[tools.kubectl."platforms.linux-x64-musl"]
checksum = "sha256:629d3f410e09bf49b64ae7079f7f0bda1191efed311f7d37fdbab0ad5b0ec2b7"
url = "https://dl.k8s.io/v1.36.1/bin/linux/amd64/kubectl"

[tools.kubectl."platforms.macos-arm64"]
checksum = "sha256:9092778abaef3079449da4cd70ded0e4be112480c93efcdeace3155968d1d133"
url = "https://dl.k8s.io/v1.36.1/bin/darwin/arm64/kubectl"

[tools.kubectl."platforms.macos-x64"]
checksum = "sha256:b4973e90ebb00537d735b63d6f8293c1959156e6ff435f6a43c08aeaa1a2e7d7"
url = "https://dl.k8s.io/v1.36.1/bin/darwin/amd64/kubectl"

[tools.kubectl."platforms.windows-x64"]
checksum = "sha256:538f4229eee91a17b34724da7daade7687393d6988e33b723c6c306572c13900"
url = "https://dl.k8s.io/v1.36.1/bin/windows/amd64/kubectl.exe"

[[tools.kustomize]]
version = "5.8.1"
backend = "aqua:kubernetes-sigs/kustomize"

[tools.kustomize."platforms.linux-arm64"]
checksum = "sha256:0953ea3e476f66d6ddfcd911d750f5167b9365aa9491b2326398e289fef2c142"
url = "https://github.com/kubernetes-sigs/kustomize/releases/download/kustomize/v5.8.1/kustomize_v5.8.1_linux_arm64.tar.gz"

[tools.kustomize."platforms.linux-arm64-musl"]
checksum = "sha256:0953ea3e476f66d6ddfcd911d750f5167b9365aa9491b2326398e289fef2c142"
url = "https://github.com/kubernetes-sigs/kustomize/releases/download/kustomize/v5.8.1/kustomize_v5.8.1_linux_arm64.tar.gz"

[tools.kustomize."platforms.linux-x64"]
checksum = "sha256:029a7f0f4e1932c52a0476cf02a0fd855c0bb85694b82c338fc648dcb53a819d"
url = "https://github.com/kubernetes-sigs/kustomize/releases/download/kustomize/v5.8.1/kustomize_v5.8.1_linux_amd64.tar.gz"

[tools.kustomize."platforms.linux-x64-musl"]
checksum = "sha256:029a7f0f4e1932c52a0476cf02a0fd855c0bb85694b82c338fc648dcb53a819d"
url = "https://github.com/kubernetes-sigs/kustomize/releases/download/kustomize/v5.8.1/kustomize_v5.8.1_linux_amd64.tar.gz"

[tools.kustomize."platforms.macos-arm64"]
checksum = "sha256:8886f8a78474e608cc81234f729fda188a9767da23e28925802f00ece2bab288"
url = "https://github.com/kubernetes-sigs/kustomize/releases/download/kustomize/v5.8.1/kustomize_v5.8.1_darwin_arm64.tar.gz"

[tools.kustomize."platforms.macos-x64"]
checksum = "sha256:ee7cf0c1e3592aa7bb66ba82b359933a95e7f2e0b36e5f53ed0a4535b017f2f8"
url = "https://github.com/kubernetes-sigs/kustomize/releases/download/kustomize/v5.8.1/kustomize_v5.8.1_darwin_amd64.tar.gz"

[tools.kustomize."platforms.windows-x64"]
checksum = "sha256:8ec7f5e815e526d4622c06df0a7793d8cfb6eb1c74f816b46166097fef8b26c6"
url = "https://github.com/kubernetes-sigs/kustomize/releases/download/kustomize/v5.8.1/kustomize_v5.8.1_windows_amd64.zip"

[[tools.python]]
version = "3.14.6"
backend = "core:python"

[tools.python."platforms.linux-arm64"]
checksum = "sha256:9124d5c41739d78a446f1f29c1953bf41071abcbf18e6daec201a27608648195"
url = "https://github.com/astral-sh/python-build-standalone/releases/download/20260610/cpython-3.14.6+20260610-aarch64-unknown-linux-gnu-install_only_stripped.tar.gz"
provenance = "github-attestations"

[tools.python."platforms.linux-arm64-musl"]
checksum = "sha256:5c75bea22f425ebc94912c618518a5aa4753eedeea6b5da5939f027d3a9c0fec"
url = "https://github.com/astral-sh/python-build-standalone/releases/download/20260610/cpython-3.14.6+20260610-aarch64-unknown-linux-musl-install_only_stripped.tar.gz"
provenance = "github-attestations"

[tools.python."platforms.linux-x64"]
checksum = "blake3:057134326c6a3f7d292a939d6992f58b530dc1a13b63ddbb948175ac58869987"
url = "https://github.com/astral-sh/python-build-standalone/releases/download/20260610/cpython-3.14.6+20260610-x86_64-unknown-linux-gnu-install_only_stripped.tar.gz"
provenance = "github-attestations"

[tools.python."platforms.linux-x64-musl"]
checksum = "sha256:54eca143d09ed3c596ecad5e3bfcb7724387818f8f984f44f3d8c0e9f36681d3"
url = "https://github.com/astral-sh/python-build-standalone/releases/download/20260610/cpython-3.14.6+20260610-x86_64-unknown-linux-musl-install_only_stripped.tar.gz"
provenance = "github-attestations"

[tools.python."platforms.macos-arm64"]
checksum = "sha256:875516e13be36296f8f7dd0972b22ba3bed069ed08d27d5f0069caf227522921"
url = "https://github.com/astral-sh/python-build-standalone/releases/download/20260610/cpython-3.14.6+20260610-aarch64-apple-darwin-install_only_stripped.tar.gz"
provenance = "github-attestations"

[tools.python."platforms.macos-x64"]
checksum = "sha256:6f85cbb2a0fef4b90fc63aadcfe383c22db5eb7933066ca6ea384828a6b3f2d2"
url = "https://github.com/astral-sh/python-build-standalone/releases/download/20260610/cpython-3.14.6+20260610-x86_64-apple-darwin-install_only_stripped.tar.gz"
provenance = "github-attestations"

[tools.python."platforms.windows-x64"]
checksum = "sha256:49f0c7e8d1c2eaba70c5516ca6c01b6b766f6ff473f1209a76fd01783e7c75ae"
url = "https://github.com/astral-sh/python-build-standalone/releases/download/20260610/cpython-3.14.6+20260610-x86_64-pc-windows-msvc-install_only_stripped.tar.gz"
provenance = "github-attestations"

[[tools.ripgrep]]
version = "15.1.0"
backend = "aqua:BurntSushi/ripgrep"

[tools.ripgrep."platforms.linux-arm64"]
checksum = "sha256:2b661c6ef508e902f388e9098d9c4c5aca72c87b55922d94abdba830b4dc885e"
url = "https://github.com/BurntSushi/ripgrep/releases/download/15.1.0/ripgrep-15.1.0-aarch64-unknown-linux-gnu.tar.gz"

[tools.ripgrep."platforms.linux-x64"]
checksum = "sha256:1c9297be4a084eea7ecaedf93eb03d058d6faae29bbc57ecdaf5063921491599"
url = "https://github.com/BurntSushi/ripgrep/releases/download/15.1.0/ripgrep-15.1.0-x86_64-unknown-linux-musl.tar.gz"

[tools.ripgrep."platforms.linux-x64-musl"]
checksum = "sha256:1c9297be4a084eea7ecaedf93eb03d058d6faae29bbc57ecdaf5063921491599"
url = "https://github.com/BurntSushi/ripgrep/releases/download/15.1.0/ripgrep-15.1.0-x86_64-unknown-linux-musl.tar.gz"

[tools.ripgrep."platforms.macos-arm64"]
checksum = "sha256:378e973289176ca0c6054054ee7f631a065874a352bf43f0fa60ef079b6ba715"
url = "https://github.com/BurntSushi/ripgrep/releases/download/15.1.0/ripgrep-15.1.0-aarch64-apple-darwin.tar.gz"

[tools.ripgrep."platforms.macos-x64"]
checksum = "sha256:64811cb24e77cac3057d6c40b63ac9becf9082eedd54ca411b475b755d334882"
url = "https://github.com/BurntSushi/ripgrep/releases/download/15.1.0/ripgrep-15.1.0-x86_64-apple-darwin.tar.gz"

[tools.ripgrep."platforms.windows-x64"]
checksum = "sha256:124510b94b6baa3380d051fdf4650eaa80a302c876d611e9dba0b2e18d87493a"
url = "https://github.com/BurntSushi/ripgrep/releases/download/15.1.0/ripgrep-15.1.0-x86_64-pc-windows-msvc.zip"

[[tools.talosctl]]
version = "1.13.4"
backend = "aqua:siderolabs/talos"

[tools.talosctl."platforms.linux-arm64"]
checksum = "sha256:71cb14ab72aee8bd89d3ee08931747a9238a10025a689dc4117d532d4c6c444f"
url = "https://github.com/siderolabs/talos/releases/download/v1.13.4/talosctl-linux-arm64"
provenance = "cosign"

[tools.talosctl."platforms.linux-arm64-musl"]
checksum = "sha256:71cb14ab72aee8bd89d3ee08931747a9238a10025a689dc4117d532d4c6c444f"
url = "https://github.com/siderolabs/talos/releases/download/v1.13.4/talosctl-linux-arm64"
provenance = "cosign"

[tools.talosctl."platforms.linux-x64"]
checksum = "sha256:aae1dadd238f9dfbc9790d117a114424b2d59200ee12872d0d9f89e178a69aae"
url = "https://github.com/siderolabs/talos/releases/download/v1.13.4/talosctl-linux-amd64"
provenance = "cosign"

[tools.talosctl."platforms.linux-x64-musl"]
checksum = "sha256:aae1dadd238f9dfbc9790d117a114424b2d59200ee12872d0d9f89e178a69aae"
url = "https://github.com/siderolabs/talos/releases/download/v1.13.4/talosctl-linux-amd64"
provenance = "cosign"

[tools.talosctl."platforms.macos-arm64"]
checksum = "sha256:2d86630f623486d247dac8eb0db1e2f9f581c4aebd201a193e4eaf7eb13392fa"
url = "https://github.com/siderolabs/talos/releases/download/v1.13.4/talosctl-darwin-arm64"
provenance = "cosign"

[tools.talosctl."platforms.macos-x64"]
checksum = "sha256:bdee0433a4ef7668cea884b80b536f018160b0f998429d7440388c62a76e2062"
url = "https://github.com/siderolabs/talos/releases/download/v1.13.4/talosctl-darwin-amd64"
provenance = "cosign"

[tools.talosctl."platforms.windows-x64"]
checksum = "sha256:c3500946ad95b49fce4e8e6222c7a992ac76f6f4e490ce3984fc2176f1821c73"
url = "https://github.com/siderolabs/talos/releases/download/v1.13.4/talosctl-windows-amd64.exe"
provenance = "cosign"

[[tools.terraform]]
version = "1.15.6"
backend = "aqua:hashicorp/terraform"

[tools.terraform."platforms.linux-arm64"]
checksum = "sha256:404c9cfa43728d31005f6e7a848b8a7cc701320067d9d87d8850031a5beb37b0"
url = "https://releases.hashicorp.com/terraform/1.15.6/terraform_1.15.6_linux_arm64.zip"

[tools.terraform."platforms.linux-arm64-musl"]
checksum = "sha256:404c9cfa43728d31005f6e7a848b8a7cc701320067d9d87d8850031a5beb37b0"
url = "https://releases.hashicorp.com/terraform/1.15.6/terraform_1.15.6_linux_arm64.zip"

[tools.terraform."platforms.linux-x64"]
checksum = "sha256:a7150d3b0e1b5c466ad42e8c499954a3c54645f8b56b385fa025d34f7e88faa9"
url = "https://releases.hashicorp.com/terraform/1.15.6/terraform_1.15.6_linux_amd64.zip"

[tools.terraform."platforms.linux-x64-musl"]
checksum = "sha256:a7150d3b0e1b5c466ad42e8c499954a3c54645f8b56b385fa025d34f7e88faa9"
url = "https://releases.hashicorp.com/terraform/1.15.6/terraform_1.15.6_linux_amd64.zip"

[tools.terraform."platforms.macos-arm64"]
checksum = "sha256:8d4c6791a744332bc7ca3962c61ab2ed8e5d25a7299f176f5edffb9cb525e85f"
url = "https://releases.hashicorp.com/terraform/1.15.6/terraform_1.15.6_darwin_arm64.zip"

[tools.terraform."platforms.macos-x64"]
checksum = "sha256:ec7e3c2d314b5b0c975b6f7f8c6094d1806cb98f64f79e6f971cc87f786eb6e0"
url = "https://releases.hashicorp.com/terraform/1.15.6/terraform_1.15.6_darwin_amd64.zip"

[tools.terraform."platforms.windows-x64"]
checksum = "sha256:56b4d3a157e346f8fc1e94254d0a944e6fec81f58ddd43eb274b8e0ebb56e334"
url = "https://releases.hashicorp.com/terraform/1.15.6/terraform_1.15.6_windows_amd64.zip"

[[tools.tflint]]
version = "0.63.1"
backend = "aqua:terraform-linters/tflint"

[tools.tflint."platforms.linux-arm64"]
checksum = "sha256:6d858ca7f11858c3fe3c5e29cc746823abccb55e2d2e2da130fa7ad7ea4eecb8"
url = "https://github.com/terraform-linters/tflint/releases/download/v0.63.1/tflint_linux_arm64.zip"

[tools.tflint."platforms.linux-arm64-musl"]
checksum = "sha256:6d858ca7f11858c3fe3c5e29cc746823abccb55e2d2e2da130fa7ad7ea4eecb8"
url = "https://github.com/terraform-linters/tflint/releases/download/v0.63.1/tflint_linux_arm64.zip"

[tools.tflint."platforms.linux-x64"]
checksum = "sha256:8441a7d97df20431f19c9b9d27ff4c63e308c964e86660bc7cc0cf7bbe0725e8"
url = "https://github.com/terraform-linters/tflint/releases/download/v0.63.1/tflint_linux_amd64.zip"

[tools.tflint."platforms.linux-x64-musl"]
checksum = "sha256:8441a7d97df20431f19c9b9d27ff4c63e308c964e86660bc7cc0cf7bbe0725e8"
url = "https://github.com/terraform-linters/tflint/releases/download/v0.63.1/tflint_linux_amd64.zip"

[tools.tflint."platforms.macos-arm64"]
checksum = "sha256:6aab157b22367dcab1635b370e98d6e791d9b40b021d4f9baef010d88f53e16b"
url = "https://github.com/terraform-linters/tflint/releases/download/v0.63.1/tflint_darwin_arm64.zip"

[tools.tflint."platforms.macos-x64"]
checksum = "sha256:1a22782473e4a01f0dd23edc649bed4420655a9e3459ffc06951e698eed7ad01"
url = "https://github.com/terraform-linters/tflint/releases/download/v0.63.1/tflint_darwin_amd64.zip"

[tools.tflint."platforms.windows-x64"]
checksum = "sha256:5fbfb643b83c4ad489bde15a0e0d46e53dc9aa8dfa76d25da3c4bd2698a41a19"
url = "https://github.com/terraform-linters/tflint/releases/download/v0.63.1/tflint_windows_amd64.zip"

[[tools.uv]]
version = "0.11.21"
backend = "aqua:astral-sh/uv"

[tools.uv."platforms.linux-arm64"]
checksum = "sha256:e71badaed2a2c3a404a0a00974b51c7ed5f5bc7be947916846005b739c68a5a2"
url = "https://github.com/astral-sh/uv/releases/download/0.11.21/uv-aarch64-unknown-linux-musl.tar.gz"
provenance = "github-attestations"

[tools.uv."platforms.linux-arm64-musl"]
checksum = "sha256:e71badaed2a2c3a404a0a00974b51c7ed5f5bc7be947916846005b739c68a5a2"
url = "https://github.com/astral-sh/uv/releases/download/0.11.21/uv-aarch64-unknown-linux-musl.tar.gz"
provenance = "github-attestations"

[tools.uv."platforms.linux-x64"]
checksum = "sha256:9dadff5b9e7b1d2d011e41852a1cbca713d9d5d88194f2eb6bd240fa4fb0a719"
url = "https://github.com/astral-sh/uv/releases/download/0.11.21/uv-x86_64-unknown-linux-musl.tar.gz"
provenance = "github-attestations"

[tools.uv."platforms.linux-x64-musl"]
checksum = "sha256:9dadff5b9e7b1d2d011e41852a1cbca713d9d5d88194f2eb6bd240fa4fb0a719"
url = "https://github.com/astral-sh/uv/releases/download/0.11.21/uv-x86_64-unknown-linux-musl.tar.gz"
provenance = "github-attestations"

[tools.uv."platforms.macos-arm64"]
checksum = "sha256:1f921d491ba5ffeea774eb04d6681ecee379101341cbb1500394993b541bf3f4"
url = "https://github.com/astral-sh/uv/releases/download/0.11.21/uv-aarch64-apple-darwin.tar.gz"
provenance = "github-attestations"

[tools.uv."platforms.macos-x64"]
checksum = "sha256:f3c8e5708a84b920c18b691214d54d2b0da6b984789caae95d47c95120cb7765"
url = "https://github.com/astral-sh/uv/releases/download/0.11.21/uv-x86_64-apple-darwin.tar.gz"
provenance = "github-attestations"

[tools.uv."platforms.windows-x64"]
checksum = "sha256:ace861f360c6de2babedc1607d0f454b6b09a820dbc8182dc15af927e4df9589"
url = "https://github.com/astral-sh/uv/releases/download/0.11.21/uv-x86_64-pc-windows-msvc.zip"
provenance = "github-attestations"

[[tools.yq]]
version = "4.53.3"
backend = "aqua:mikefarah/yq"

[tools.yq."platforms.linux-arm64"]
checksum = "sha256:578648e463a11c1b6db6010cbf41eafed6bee79466fcffa1bb446672cf7945ea"
url = "https://github.com/mikefarah/yq/releases/download/v4.53.3/yq_linux_arm64"

[tools.yq."platforms.linux-arm64-musl"]
checksum = "sha256:578648e463a11c1b6db6010cbf41eafed6bee79466fcffa1bb446672cf7945ea"
url = "https://github.com/mikefarah/yq/releases/download/v4.53.3/yq_linux_arm64"

[tools.yq."platforms.linux-x64"]
checksum = "sha256:fa52a4e758c63d38299163fbdd1edfb4c4963247918bf9c1c5d31d84789eded4"
url = "https://github.com/mikefarah/yq/releases/download/v4.53.3/yq_linux_amd64"

[tools.yq."platforms.linux-x64-musl"]
checksum = "sha256:fa52a4e758c63d38299163fbdd1edfb4c4963247918bf9c1c5d31d84789eded4"
url = "https://github.com/mikefarah/yq/releases/download/v4.53.3/yq_linux_amd64"

[tools.yq."platforms.macos-arm64"]
checksum = "sha256:877de31753a4dd2401aa048937aa9a7fc4d5f6ce858cf31508c5802954297213"
url = "https://github.com/mikefarah/yq/releases/download/v4.53.3/yq_darwin_arm64"

[tools.yq."platforms.macos-x64"]
checksum = "sha256:b4ba1ecce3c47f00803f4f964de38394326c7a32eb6540616e04fb2935a0f08d"
url = "https://github.com/mikefarah/yq/releases/download/v4.53.3/yq_darwin_amd64"

[tools.yq."platforms.windows-x64"]
checksum = "sha256:e279bc506a452eeafcdf364f91a025455e402a8001169083caf01f4b64a544e2"
url = "https://github.com/mikefarah/yq/releases/download/v4.53.3/yq_windows_amd64.exe"
