# @generated - this file is auto-generated by `mise lock` https://mise.en.dev/dev-tools/mise-lock.html

[[tools.bitwarden-secrets-manager]]
version = "2.0.0"
backend = "aqua:bitwarden/sdk-sm"

[tools.bitwarden-secrets-manager."platforms.linux-arm64"]
checksum = "sha256:49a250d4f3121c67155c195afbad4ced90a92a878c3256ca091276b82e7ad131"
url = "https://github.com/bitwarden/sdk-sm/releases/download/bws-v2.0.0/bws-aarch64-unknown-linux-gnu-2.0.0.zip"

[tools.bitwarden-secrets-manager."platforms.linux-arm64-musl"]
checksum = "sha256:de61bfbacbcf6e3648ddc8dbd6ca8bb2245438ccf5f94d54129997528f5a752d"
url = "https://github.com/bitwarden/sdk-sm/releases/download/bws-v2.0.0/bws-aarch64-unknown-linux-musl-2.0.0.zip"

[tools.bitwarden-secrets-manager."platforms.linux-x64"]
checksum = "sha256:a8340ce01da609200441f2eca0e591173e124f012c88a16afda574279c052013"
url = "https://github.com/bitwarden/sdk-sm/releases/download/bws-v2.0.0/bws-x86_64-unknown-linux-gnu-2.0.0.zip"

[tools.bitwarden-secrets-manager."platforms.linux-x64-musl"]
checksum = "sha256:ea6eb18f1270388f12d15a35f919ccb3488d32a777433baefe883d561f46fc73"
url = "https://github.com/bitwarden/sdk-sm/releases/download/bws-v2.0.0/bws-x86_64-unknown-linux-musl-2.0.0.zip"

[tools.bitwarden-secrets-manager."platforms.macos-arm64"]
checksum = "sha256:5bbb43fcec75528c5d78e4dfdb22b6b368ecdff7020bcd853911564587f61f8a"
url = "https://github.com/bitwarden/sdk-sm/releases/download/bws-v2.0.0/bws-aarch64-apple-darwin-2.0.0.zip"

[tools.bitwarden-secrets-manager."platforms.macos-x64"]
checksum = "sha256:2f33fa7da3d7c3ee1838f3c5f3e8a47051e3fdb01c45701f6844fa0b344e92d1"
url = "https://github.com/bitwarden/sdk-sm/releases/download/bws-v2.0.0/bws-x86_64-apple-darwin-2.0.0.zip"

[tools.bitwarden-secrets-manager."platforms.windows-x64"]
checksum = "sha256:4284944f3b0c7b97a4d4105c715cd814c744ceff0405481a213937955e31d866"
url = "https://github.com/bitwarden/sdk-sm/releases/download/bws-v2.0.0/bws-x86_64-pc-windows-msvc-2.0.0.zip"

[[tools.helm]]
version = "4.1.4"
backend = "aqua:helm/helm"

[tools.helm."platforms.linux-arm64"]
checksum = "sha256:13d03672be289045d2ff00e4e345d61de1c6f21c1257a45955a30e8ae036d8f1"
url = "https://get.helm.sh/helm-v4.1.4-linux-arm64.tar.gz"

[tools.helm."platforms.linux-arm64-musl"]
checksum = "sha256:13d03672be289045d2ff00e4e345d61de1c6f21c1257a45955a30e8ae036d8f1"
url = "https://get.helm.sh/helm-v4.1.4-linux-arm64.tar.gz"

[tools.helm."platforms.linux-x64"]
checksum = "sha256:70b2c30a19da4db264dfd68c8a3664e05093a361cefd89572ffb36f8abfa3d09"
url = "https://get.helm.sh/helm-v4.1.4-linux-amd64.tar.gz"

[tools.helm."platforms.linux-x64-musl"]
checksum = "sha256:70b2c30a19da4db264dfd68c8a3664e05093a361cefd89572ffb36f8abfa3d09"
url = "https://get.helm.sh/helm-v4.1.4-linux-amd64.tar.gz"

[tools.helm."platforms.macos-arm64"]
checksum = "sha256:7c2eca678e8001fa863cdf8cbf6ac1b3799f9404a89eb55c08260ef5732e658d"
url = "https://get.helm.sh/helm-v4.1.4-darwin-arm64.tar.gz"

[tools.helm."platforms.macos-x64"]
checksum = "sha256:abf09c8503ad1d8ef76d3737a058c3456a998aae5f5966fce4bb3031aeb1654e"
url = "https://get.helm.sh/helm-v4.1.4-darwin-amd64.tar.gz"

[tools.helm."platforms.windows-x64"]
checksum = "sha256:f6a7bca730093d5b859a33141d34361f1cc7bc358657b48c75ce36e1e8bdf8b6"
url = "https://get.helm.sh/helm-v4.1.4-windows-amd64.tar.gz"

[[tools.jq]]
version = "1.8.1"
backend = "aqua:jqlang/jq"

[tools.jq."platforms.linux-x64"]
checksum = "sha256:020468de7539ce70ef1bceaf7cde2e8c4f2ca6c3afb84642aabc5c97d9fc2a0d"
url = "https://github.com/jqlang/jq/releases/download/jq-1.8.1/jq-linux-amd64"
provenance = "github-attestations"

[[tools.kube-linter]]
version = "0.8.3"
backend = "aqua:stackrox/kube-linter"

[tools.kube-linter."platforms.linux-x64"]
checksum = "sha256:618d299a3e2839c8ca9d86fce0db617be0fba41f0fecbbbfb7fbf1c04299fae1"
url = "https://github.com/stackrox/kube-linter/releases/download/v0.8.3/kube-linter-linux"

[[tools.kubectl]]
version = "1.36.0"
backend = "aqua:kubernetes/kubernetes/kubectl"

[tools.kubectl."platforms.linux-arm64"]
checksum = "sha256:9f9d9c44a7b5264515ac9da5991584e2395bd50662e651132337e7b4d0c56f8f"
url = "https://dl.k8s.io/v1.36.0/bin/linux/arm64/kubectl"

[tools.kubectl."platforms.linux-arm64-musl"]
checksum = "sha256:9f9d9c44a7b5264515ac9da5991584e2395bd50662e651132337e7b4d0c56f8f"
url = "https://dl.k8s.io/v1.36.0/bin/linux/arm64/kubectl"

[tools.kubectl."platforms.linux-x64"]
checksum = "sha256:123d8c8844f46b1244c547fffb3c17180c0c26dac9890589fe7e67763298748e"
url = "https://dl.k8s.io/v1.36.0/bin/linux/amd64/kubectl"

[tools.kubectl."platforms.linux-x64-musl"]
checksum = "sha256:123d8c8844f46b1244c547fffb3c17180c0c26dac9890589fe7e67763298748e"
url = "https://dl.k8s.io/v1.36.0/bin/linux/amd64/kubectl"

[tools.kubectl."platforms.macos-arm64"]
checksum = "sha256:4bcf268eacdc1d2df74e37d86f639f27ca7dea3ae185b7b452b73b9fb5ddc14e"
url = "https://dl.k8s.io/v1.36.0/bin/darwin/arm64/kubectl"

[tools.kubectl."platforms.macos-x64"]
checksum = "sha256:06d7e9a3a26a326d43102c70b19f9d233db219d09890e558dbdc3647db732f06"
url = "https://dl.k8s.io/v1.36.0/bin/darwin/amd64/kubectl"

[tools.kubectl."platforms.windows-x64"]
checksum = "sha256:9abf2164fe79d9d80185ff5085f6154eda9d21793ee18fa8dff34dfffffed36d"
url = "https://dl.k8s.io/v1.36.0/bin/windows/amd64/kubectl.exe"

[[tools.kustomize]]
version = "5.8.1"
backend = "aqua:kubernetes-sigs/kustomize"

[tools.kustomize."platforms.linux-x64"]
checksum = "sha256:029a7f0f4e1932c52a0476cf02a0fd855c0bb85694b82c338fc648dcb53a819d"
url = "https://github.com/kubernetes-sigs/kustomize/releases/download/kustomize/v5.8.1/kustomize_v5.8.1_linux_amd64.tar.gz"

[[tools.python]]
version = "3.14.4"
backend = "core:python"

[tools.python."platforms.linux-x64"]
checksum = "sha256:fe9a9c32d13870af632cbac3dfc7528ae53597e94472aa4c7d6a42e8166136cd"
url = "https://github.com/astral-sh/python-build-standalone/releases/download/20260414/cpython-3.14.4+20260414-x86_64-unknown-linux-gnu-install_only_stripped.tar.gz"
provenance = "github-attestations"

[[tools.ripgrep]]
version = "15.1.0"
backend = "aqua:BurntSushi/ripgrep"

[tools.ripgrep."platforms.linux-x64"]
checksum = "sha256:1c9297be4a084eea7ecaedf93eb03d058d6faae29bbc57ecdaf5063921491599"
url = "https://github.com/BurntSushi/ripgrep/releases/download/15.1.0/ripgrep-15.1.0-x86_64-unknown-linux-musl.tar.gz"

[[tools.talosctl]]
version = "1.13.0"
backend = "aqua:siderolabs/talos"

[tools.talosctl."platforms.linux-arm64"]
checksum = "sha256:6171ece2062a350d2fc12aa14894a4ad06235005c12f76701e0127ffdf6026b9"
url = "https://github.com/siderolabs/talos/releases/download/v1.13.0/talosctl-linux-arm64"
provenance = "cosign"

[tools.talosctl."platforms.linux-arm64-musl"]
checksum = "sha256:6171ece2062a350d2fc12aa14894a4ad06235005c12f76701e0127ffdf6026b9"
url = "https://github.com/siderolabs/talos/releases/download/v1.13.0/talosctl-linux-arm64"
provenance = "cosign"

[tools.talosctl."platforms.linux-x64"]
checksum = "sha256:4aa5cd191c708b8c1a3b358bfd7dd21fb0cc6bd4dc7a07f2aa925cd2a8473bae"
url = "https://github.com/siderolabs/talos/releases/download/v1.13.0/talosctl-linux-amd64"
provenance = "cosign"

[tools.talosctl."platforms.linux-x64-musl"]
checksum = "sha256:4aa5cd191c708b8c1a3b358bfd7dd21fb0cc6bd4dc7a07f2aa925cd2a8473bae"
url = "https://github.com/siderolabs/talos/releases/download/v1.13.0/talosctl-linux-amd64"
provenance = "cosign"

[tools.talosctl."platforms.macos-arm64"]
checksum = "sha256:728cb09e34eadcb2c122c626daba8202281944f4851b43e9e37836551c8e9d19"
url = "https://github.com/siderolabs/talos/releases/download/v1.13.0/talosctl-darwin-arm64"
provenance = "cosign"

[tools.talosctl."platforms.macos-x64"]
checksum = "sha256:166c4cb74765837e20430516be739757376df769346fd70ff1093a88391dcfa8"
url = "https://github.com/siderolabs/talos/releases/download/v1.13.0/talosctl-darwin-amd64"
provenance = "cosign"

[tools.talosctl."platforms.windows-x64"]
checksum = "sha256:c4fb1a0fe5450a2492de0d844da5f108aa89101850cc1835947456b9252315db"
url = "https://github.com/siderolabs/talos/releases/download/v1.13.0/talosctl-windows-amd64.exe"
provenance = "cosign"

[[tools.terraform]]
version = "1.14.4"
backend = "aqua:hashicorp/terraform"

[tools.terraform."platforms.linux-x64"]
checksum = "sha256:4a24b18865d9419ba7882567cb7429dd1525b3e2029a9e38f612d476ba8c3dea"
url = "https://releases.hashicorp.com/terraform/1.14.4/terraform_1.14.4_linux_amd64.zip"

[[tools.tflint]]
version = "0.62.0"
backend = "aqua:terraform-linters/tflint"

[tools.tflint."platforms.linux-arm64"]
checksum = "sha256:064206ec85adaf90f637c880eb3cd5a8e07ddce09e4da7c813eb362cb794f95f"
url = "https://github.com/terraform-linters/tflint/releases/download/v0.62.0/tflint_linux_arm64.zip"

[tools.tflint."platforms.linux-arm64-musl"]
checksum = "sha256:064206ec85adaf90f637c880eb3cd5a8e07ddce09e4da7c813eb362cb794f95f"
url = "https://github.com/terraform-linters/tflint/releases/download/v0.62.0/tflint_linux_arm64.zip"

[tools.tflint."platforms.linux-x64"]
checksum = "sha256:000400d7f4c2236d9ed4b35fec3ee95617c3747571593cc6138169fc78cc226a"
url = "https://github.com/terraform-linters/tflint/releases/download/v0.62.0/tflint_linux_amd64.zip"

[tools.tflint."platforms.linux-x64-musl"]
checksum = "sha256:000400d7f4c2236d9ed4b35fec3ee95617c3747571593cc6138169fc78cc226a"
url = "https://github.com/terraform-linters/tflint/releases/download/v0.62.0/tflint_linux_amd64.zip"

[tools.tflint."platforms.macos-arm64"]
checksum = "sha256:56064a392e688f51c893a0d3bc1470fdf523f8d579080c718d026f1692613419"
url = "https://github.com/terraform-linters/tflint/releases/download/v0.62.0/tflint_darwin_arm64.zip"

[tools.tflint."platforms.macos-x64"]
checksum = "sha256:6aa1defaac89eab227008301af399225afd9ee6f124d13e570323cf588491b8a"
url = "https://github.com/terraform-linters/tflint/releases/download/v0.62.0/tflint_darwin_amd64.zip"

[tools.tflint."platforms.windows-x64"]
checksum = "sha256:d2b28caf4f312805edd06c7aede494135d1babb301db32e9b68994d2038936e4"
url = "https://github.com/terraform-linters/tflint/releases/download/v0.62.0/tflint_windows_amd64.zip"

[[tools.uv]]
version = "0.11.8"
backend = "aqua:astral-sh/uv"

[tools.uv."platforms.linux-x64"]
checksum = "sha256:de82507d12e31cfc86c1c776238f7c248e48e40d996dedc812d64fdd31c6ed12"
url = "https://github.com/astral-sh/uv/releases/download/0.11.8/uv-x86_64-unknown-linux-musl.tar.gz"
provenance = "github-attestations"

[[tools.yq]]
version = "4.53.2"
backend = "aqua:mikefarah/yq"

[tools.yq."platforms.linux-x64"]
checksum = "sha256:d56bf5c6819e8e696340c312bd70f849dc1678a7cda9c2ad63eebd906371d56b"
url = "https://github.com/mikefarah/yq/releases/download/v4.53.2/yq_linux_amd64"
